
Microsoft Visual Studio Solution File, Format Version 12.00
# Visual Studio Version 17
VisualStudioVersion = 17.10.35013.160
MinimumVisualStudioVersion = 10.0.40219.1
Project("{9A19103F-16F7-4668-BE54-9A1E7A4F7556}") = "ChiayinYanping_InClass5", "ChiayinYanping_InClass5.csproj", "{69669A81-BFF2-4683-A7CE-F7DBD19A309D}"
EndProject
Project("{FAE04EC0-301F-11D3-BF4B-00C04F79EFBC}") = "Users", "..\Users\Users.csproj", "{75B83A80-3269-4A94-AE8C-E5F1F6500683}"
EndProject
Global
	GlobalSection(SolutionConfigurationPlatforms) = preSolution
		Debug|Any CPU = Debug|Any CPU
		Release|Any CPU = Release|Any CPU
	EndGlobalSection
	GlobalSection(ProjectConfigurationPlatforms) = postSolution
		{69669A81-BFF2-4683-A7CE-F7DBD19A309D}.Debug|Any CPU.ActiveCfg = Debug|Any CPU
		{69669A81-BFF2-4683-A7CE-F7DBD19A309D}.Debug|Any CPU.Build.0 = Debug|Any CPU
		{69669A81-BFF2-4683-A7CE-F7DBD19A309D}.Release|Any CPU.ActiveCfg = Release|Any CPU
		{69669A81-BFF2-4683-A7CE-F7DBD19A309D}.Release|Any CPU.Build.0 = Release|Any CPU
		{75B83A80-3269-4A94-AE8C-E5F1F6500683}.Debug|Any CPU.ActiveCfg = Debug|Any CPU
		{75B83A80-3269-4A94-AE8C-E5F1F6500683}.Debug|Any CPU.Build.0 = Debug|Any CPU
		{75B83A80-3269-4A94-AE8C-E5F1F6500683}.Release|Any CPU.ActiveCfg = Release|Any CPU
		{75B83A80-3269-4A94-AE8C-E5F1F6500683}.Release|Any CPU.Build.0 = Release|Any CPU
	EndGlobalSection
	GlobalSection(SolutionProperties) = preSolution
		HideSolutionNode = FALSE
	EndGlobalSection
	GlobalSection(ExtensibilityGlobals) = postSolution
		SolutionGuid = {955D8940-805B-49C4-8AC8-F57BF768216F}
	EndGlobalSection
EndGlobal
